
Microsoft Visual Studio Solution File, Format Version 12.00
# Visual Studio Version 17
VisualStudioVersion = 17.10.35027.167
MinimumVisualStudioVersion = 10.0.40219.1
Project("{9A19103F-16F7-4668-BE54-9A1E7A4F7556}") = "backend", "backend\backend.csproj", "{94299F4E-95F9-41A6-B241-C9DC13101165}"
EndProject
Global
	GlobalSection(SolutionConfigurationPlatforms) = preSolution
		Debug|Any CPU = Debug|Any CPU
		Release|Any CPU = Release|Any CPU
	EndGlobalSection
	GlobalSection(ProjectConfigurationPlatforms) = postSolution
		{94299F4E-95F9-41A6-B241-C9DC13101165}.Debug|Any CPU.ActiveCfg = Debug|Any CPU
		{94299F4E-95F9-41A6-B241-C9DC13101165}.Debug|Any CPU.Build.0 = Debug|Any CPU
		{94299F4E-95F9-41A6-B241-C9DC13101165}.Release|Any CPU.ActiveCfg = Release|Any CPU
		{94299F4E-95F9-41A6-B241-C9DC13101165}.Release|Any CPU.Build.0 = Release|Any CPU
	EndGlobalSection
	GlobalSection(SolutionProperties) = preSolution
		HideSolutionNode = FALSE
	EndGlobalSection
	GlobalSection(ExtensibilityGlobals) = postSolution
		SolutionGuid = {C46BD840-E91A-4673-B911-9A982AC58298}
	EndGlobalSection
EndGlobal
